apiVersion: vendir.k14s.io/v1alpha1
directories:
- contents:
  - helmChart:
      appVersion: 8.0.26
      version: 8.7.3
    path: mysql-8.7.3
  - manual: {}
    path: mysql-8.7.3-image-hints.yaml
  - manual: {}
    path: README.md
  path: simple-chart
- contents:
  - helmChart:
      appVersion: 5.7.2
      version: 11.1.5
    path: wordpress-11.1.5
  - manual: {}
    path: wordpress-11.1.5-image-hints.yaml
  - manual: {}
    path: README.md
  path: chart-with-subcharts
kind: LockConfig
